
Microsoft Visual Studio Solution File, Format Version 12.00
# Visual Studio Version 17
VisualStudioVersion = 17.4.33110.190
MinimumVisualStudioVersion = 10.0.40219.1
Project("{9A19103F-16F7-4668-BE54-9A1E7A4F7556}") = "OrdersApp.Server", "Server\OrdersApp.Server.csproj", "{08F11648-C9FC-457A-88E7-001625B7A995}"
EndProject
Project("{9A19103F-16F7-4668-BE54-9A1E7A4F7556}") = "OrdersApp.Client", "Client\OrdersApp.Client.csproj", "{4E5D84D8-24B6-4512-9346-8B569BF14CB9}"
EndProject
Project("{9A19103F-16F7-4668-BE54-9A1E7A4F7556}") = "OrdersApp.Shared", "Shared\OrdersApp.Shared.csproj", "{4B2BE3BC-E44D-4779-A63B-CBBE288C5545}"
EndProject
Global
	GlobalSection(SolutionConfigurationPlatforms) = preSolution
		Debug|Any CPU = Debug|Any CPU
		Release|Any CPU = Release|Any CPU
	EndGlobalSection
	GlobalSection(ProjectConfigurationPlatforms) = postSolution
		{08F11648-C9FC-457A-88E7-001625B7A995}.Debug|Any CPU.ActiveCfg = Debug|Any CPU
		{08F11648-C9FC-457A-88E7-001625B7A995}.Debug|Any CPU.Build.0 = Debug|Any CPU
		{08F11648-C9FC-457A-88E7-001625B7A995}.Release|Any CPU.ActiveCfg = Release|Any CPU
		{08F11648-C9FC-457A-88E7-001625B7A995}.Release|Any CPU.Build.0 = Release|Any CPU
		{4E5D84D8-24B6-4512-9346-8B569BF14CB9}.Debug|Any CPU.ActiveCfg = Debug|Any CPU
		{4E5D84D8-24B6-4512-9346-8B569BF14CB9}.Debug|Any CPU.Build.0 = Debug|Any CPU
		{4E5D84D8-24B6-4512-9346-8B569BF14CB9}.Release|Any CPU.ActiveCfg = Release|Any CPU
		{4E5D84D8-24B6-4512-9346-8B569BF14CB9}.Release|Any CPU.Build.0 = Release|Any CPU
		{4B2BE3BC-E44D-4779-A63B-CBBE288C5545}.Debug|Any CPU.ActiveCfg = Debug|Any CPU
		{4B2BE3BC-E44D-4779-A63B-CBBE288C5545}.Debug|Any CPU.Build.0 = Debug|Any CPU
		{4B2BE3BC-E44D-4779-A63B-CBBE288C5545}.Release|Any CPU.ActiveCfg = Release|Any CPU
		{4B2BE3BC-E44D-4779-A63B-CBBE288C5545}.Release|Any CPU.Build.0 = Release|Any CPU
	EndGlobalSection
	GlobalSection(SolutionProperties) = preSolution
		HideSolutionNode = FALSE
	EndGlobalSection
	GlobalSection(ExtensibilityGlobals) = postSolution
		SolutionGuid = {8661F706-6AAF-4F23-96B3-CA5620F03632}
	EndGlobalSection
EndGlobal
